
Microsoft Visual Studio Solution File, Format Version 12.00
# Visual Studio Version 16
VisualStudioVersion = 16.0.29509.3
MinimumVisualStudioVersion = 10.0.40219.1
Project("{FAE04EC0-301F-11D3-BF4B-00C04F79EFBC}") = "Biblioteca", "Biblioteca\Biblioteca.csproj", "{B4E5C097-4209-4353-8493-335328622545}"
EndProject
Project("{FAE04EC0-301F-11D3-BF4B-00C04F79EFBC}") = "EvidentaBiblioteca", "EvidentaBiblioteca\EvidentaBiblioteca.csproj", "{7497A581-E72F-484A-A1A6-E5CCCBE18080}"
EndProject
Project("{FAE04EC0-301F-11D3-BF4B-00C04F79EFBC}") = "NivelAccesDate", "NivelAccesDate\NivelAccesDate.csproj", "{AC6F953E-DAC4-49AB-A12F-72B9F2A1ABCD}"
EndProject
Project("{FAE04EC0-301F-11D3-BF4B-00C04F79EFBC}") = "InterfataU", "InterfataU\InterfataU.csproj", "{A4934056-9410-4900-90A6-EFC8B157801A}"
EndProject
Global
	GlobalSection(SolutionConfigurationPlatforms) = preSolution
		Debug|Any CPU = Debug|Any CPU
		Release|Any CPU = Release|Any CPU
	EndGlobalSection
	GlobalSection(ProjectConfigurationPlatforms) = postSolution
		{B4E5C097-4209-4353-8493-335328622545}.Debug|Any CPU.ActiveCfg = Debug|Any CPU
		{B4E5C097-4209-4353-8493-335328622545}.Debug|Any CPU.Build.0 = Debug|Any CPU
		{B4E5C097-4209-4353-8493-335328622545}.Release|Any CPU.ActiveCfg = Release|Any CPU
		{B4E5C097-4209-4353-8493-335328622545}.Release|Any CPU.Build.0 = Release|Any CPU
		{7497A581-E72F-484A-A1A6-E5CCCBE18080}.Debug|Any CPU.ActiveCfg = Debug|Any CPU
		{7497A581-E72F-484A-A1A6-E5CCCBE18080}.Debug|Any CPU.Build.0 = Debug|Any CPU
		{7497A581-E72F-484A-A1A6-E5CCCBE18080}.Release|Any CPU.ActiveCfg = Release|Any CPU
		{7497A581-E72F-484A-A1A6-E5CCCBE18080}.Release|Any CPU.Build.0 = Release|Any CPU
		{AC6F953E-DAC4-49AB-A12F-72B9F2A1ABCD}.Debug|Any CPU.ActiveCfg = Debug|Any CPU
		{AC6F953E-DAC4-49AB-A12F-72B9F2A1ABCD}.Debug|Any CPU.Build.0 = Debug|Any CPU
		{AC6F953E-DAC4-49AB-A12F-72B9F2A1ABCD}.Release|Any CPU.ActiveCfg = Release|Any CPU
		{AC6F953E-DAC4-49AB-A12F-72B9F2A1ABCD}.Release|Any CPU.Build.0 = Release|Any CPU
		{A4934056-9410-4900-90A6-EFC8B157801A}.Debug|Any CPU.ActiveCfg = Debug|Any CPU
		{A4934056-9410-4900-90A6-EFC8B157801A}.Debug|Any CPU.Build.0 = Debug|Any CPU
		{A4934056-9410-4900-90A6-EFC8B157801A}.Release|Any CPU.ActiveCfg = Release|Any CPU
		{A4934056-9410-4900-90A6-EFC8B157801A}.Release|Any CPU.Build.0 = Release|Any CPU
	EndGlobalSection
	GlobalSection(SolutionProperties) = preSolution
		HideSolutionNode = FALSE
	EndGlobalSection
	GlobalSection(ExtensibilityGlobals) = postSolution
		SolutionGuid = {837EBFA9-0C59-4654-99EE-9C2C15983FD0}
	EndGlobalSection
EndGlobal
